// !$*UTF8*$!
{
	archiveVersion = 1;
	classes = {
	};
	objectVersion = 55;
	objects = {

/* Begin PBXBuildFile section */
		3215A80F28C050C300D162BE /* NotifDataModel.swift in Sources */ = {isa = PBXBuildFile; fileRef = 3215A80E28C050C300D162BE /* NotifDataModel.swift */; };
		3215A81228C0536300D162BE /* StorageProtocol.swift in Sources */ = {isa = PBXBuildFile; fileRef = 3215A81128C0536300D162BE /* StorageProtocol.swift */; };
		3215A81428C053EA00D162BE /* FileSytemStorage.swift in Sources */ = {isa = PBXBuildFile; fileRef = 3215A81328C053EA00D162BE /* FileSytemStorage.swift */; };
		321E55D02899916C00A489CD /* Constants.swift in Sources */ = {isa = PBXBuildFile; fileRef = 321E55CF2899916C00A489CD /* Constants.swift */; };
		321E55D2289994A700A489CD /* CarCell.swift in Sources */ = {isa = PBXBuildFile; fileRef = 321E55D1289994A700A489CD /* CarCell.swift */; };
		321E55D42899985D00A489CD /* Observable.swift in Sources */ = {isa = PBXBuildFile; fileRef = 321E55D32899985D00A489CD /* Observable.swift */; };
		321E55D72899B0E800A489CD /* RentalViewModel.swift in Sources */ = {isa = PBXBuildFile; fileRef = 321E55D62899B0E800A489CD /* RentalViewModel.swift */; };
		321E55DA2899B3DA00A489CD /* DataModel.swift in Sources */ = {isa = PBXBuildFile; fileRef = 321E55D92899B3DA00A489CD /* DataModel.swift */; };
		321E55DD2899B59300A489CD /* DataService.swift in Sources */ = {isa = PBXBuildFile; fileRef = 321E55DC2899B59300A489CD /* DataService.swift */; };
		3222F22B28AABC710094DF1B /* FirebaseAuthService.swift in Sources */ = {isa = PBXBuildFile; fileRef = 3222F22A28AABC710094DF1B /* FirebaseAuthService.swift */; };
		3247F49028A7CD9000F3B03A /* DataParser.swift in Sources */ = {isa = PBXBuildFile; fileRef = 3247F48E28A7CD9000F3B03A /* DataParser.swift */; };
		3247F49128A7CD9000F3B03A /* UrlRequestMaker.swift in Sources */ = {isa = PBXBuildFile; fileRef = 3247F48F28A7CD9000F3B03A /* UrlRequestMaker.swift */; };
		325A18372896786200A80F03 /* AppDelegate.swift in Sources */ = {isa = PBXBuildFile; fileRef = 325A18362896786200A80F03 /* AppDelegate.swift */; };
		325A183B2896786200A80F03 /* MainVC.swift in Sources */ = {isa = PBXBuildFile; fileRef = 325A183A2896786200A80F03 /* MainVC.swift */; };
		325A18402896786400A80F03 /* Assets.xcassets in Resources */ = {isa = PBXBuildFile; fileRef = 325A183F2896786400A80F03 /* Assets.xcassets */; };
		325A18432896786400A80F03 /* LaunchScreen.storyboard in Resources */ = {isa = PBXBuildFile; fileRef = 325A18412896786400A80F03 /* LaunchScreen.storyboard */; };
		326E8FEC289C68F100C9C2F5 /* UIImageViewExtension.swift in Sources */ = {isa = PBXBuildFile; fileRef = 326E8FEB289C68F100C9C2F5 /* UIImageViewExtension.swift */; };
		3281C6A128A9605E009EB473 /* LoginVC.swift in Sources */ = {isa = PBXBuildFile; fileRef = 3281C6A028A9605E009EB473 /* LoginVC.swift */; };
		3281C6A328A9608A009EB473 /* SignUpVC.swift in Sources */ = {isa = PBXBuildFile; fileRef = 3281C6A228A9608A009EB473 /* SignUpVC.swift */; };
		32B00A9728BFF17B0012526D /* NotifDataVC.swift in Sources */ = {isa = PBXBuildFile; fileRef = 32B00A9628BFF17B0012526D /* NotifDataVC.swift */; };
		32B00A9928BFF58B0012526D /* DataCell.swift in Sources */ = {isa = PBXBuildFile; fileRef = 32B00A9828BFF58B0012526D /* DataCell.swift */; };
		32B00A9E28BFF97D0012526D /* Coordinator Protocol.swift in Sources */ = {isa = PBXBuildFile; fileRef = 32B00A9D28BFF97D0012526D /* Coordinator Protocol.swift */; };
		32B00AA128BFF9920012526D /* MainCoordinator.swift in Sources */ = {isa = PBXBuildFile; fileRef = 32B00AA028BFF9920012526D /* MainCoordinator.swift */; };
		4DAEF3360CFEA51AB0989DDE /* Pods_CAR_RENTAL.framework in Frameworks */ = {isa = PBXBuildFile; fileRef = B78A9786E2070E609BB6DDF4 /* Pods_CAR_RENTAL.framework */; };
/* End PBXBuildFile section */

/* Begin PBXFileReference section */
		239E0265D1B5AB0F6A20E3DB /* Pods-CAR_RENTAL.release.xcconfig */ = {isa = PBXFileReference; includeInIndex = 1; lastKnownFileType = text.xcconfig; name = "Pods-CAR_RENTAL.release.xcconfig"; path = "Target Support Files/Pods-CAR_RENTAL/Pods-CAR_RENTAL.release.xcconfig"; sourceTree = "<group>"; };
		3215A80E28C050C300D162BE /* NotifDataModel.swift */ = {isa = PBXFileReference; lastKnownFileType = sourcecode.swift; path = NotifDataModel.swift; sourceTree = "<group>"; };
		3215A81128C0536300D162BE /* StorageProtocol.swift */ = {isa = PBXFileReference; lastKnownFileType = sourcecode.swift; path = StorageProtocol.swift; sourceTree = "<group>"; };
		3215A81328C053EA00D162BE /* FileSytemStorage.swift */ = {isa = PBXFileReference; lastKnownFileType = sourcecode.swift; path = FileSytemStorage.swift; sourceTree = "<group>"; };
		321E55CF2899916C00A489CD /* Constants.swift */ = {isa = PBXFileReference; lastKnownFileType = sourcecode.swift; path = Constants.swift; sourceTree = "<group>"; };
		321E55D1289994A700A489CD /* CarCell.swift */ = {isa = PBXFileReference; lastKnownFileType = sourcecode.swift; path = CarCell.swift; sourceTree = "<group>"; };
		321E55D32899985D00A489CD /* Observable.swift */ = {isa = PBXFileReference; lastKnownFileType = sourcecode.swift; path = Observable.swift; sourceTree = "<group>"; };
		321E55D62899B0E800A489CD /* RentalViewModel.swift */ = {isa = PBXFileReference; lastKnownFileType = sourcecode.swift; path = RentalViewModel.swift; sourceTree = "<group>"; };
		321E55D92899B3DA00A489CD /* DataModel.swift */ = {isa = PBXFileReference; lastKnownFileType = sourcecode.swift; path = DataModel.swift; sourceTree = "<group>"; };
		321E55DC2899B59300A489CD /* DataService.swift */ = {isa = PBXFileReference; lastKnownFileType = sourcecode.swift; path = DataService.swift; sourceTree = "<group>"; };
		3222F22A28AABC710094DF1B /* FirebaseAuthService.swift */ = {isa = PBXFileReference; lastKnownFileType = sourcecode.swift; path = FirebaseAuthService.swift; sourceTree = "<group>"; };
		3247F48E28A7CD9000F3B03A /* DataParser.swift */ = {isa = PBXFileReference; fileEncoding = 4; lastKnownFileType = sourcecode.swift; path = DataParser.swift; sourceTree = "<group>"; };
		3247F48F28A7CD9000F3B03A /* UrlRequestMaker.swift */ = {isa = PBXFileReference; fileEncoding = 4; lastKnownFileType = sourcecode.swift; path = UrlRequestMaker.swift; sourceTree = "<group>"; };
		325A18332896786200A80F03 /* CAR_RENTAL.app */ = {isa = PBXFileReference; explicitFileType = wrapper.application; includeInIndex = 0; path = CAR_RENTAL.app; sourceTree = BUILT_PRODUCTS_DIR; };
		325A18362896786200A80F03 /* AppDelegate.swift */ = {isa = PBXFileReference; lastKnownFileType = sourcecode.swift; path = AppDelegate.swift; sourceTree = "<group>"; };
		325A183A2896786200A80F03 /* MainVC.swift */ = {isa = PBXFileReference; lastKnownFileType = sourcecode.swift; path = MainVC.swift; sourceTree = "<group>"; };
		325A183F2896786400A80F03 /* Assets.xcassets */ = {isa = PBXFileReference; lastKnownFileType = folder.assetcatalog; path = Assets.xcassets; sourceTree = "<group>"; };
		325A18422896786400A80F03 /* Base */ = {isa = PBXFileReference; lastKnownFileType = file.storyboard; name = Base; path = Base.lproj/LaunchScreen.storyboard; sourceTree = "<group>"; };
		325A18442896786400A80F03 /* Info.plist */ = {isa = PBXFileReference; lastKnownFileType = text.plist.xml; path = Info.plist; sourceTree = "<group>"; };
		326E8FEB289C68F100C9C2F5 /* UIImageViewExtension.swift */ = {isa = PBXFileReference; lastKnownFileType = sourcecode.swift; path = UIImageViewExtension.swift; sourceTree = "<group>"; };
		3281C6A028A9605E009EB473 /* LoginVC.swift */ = {isa = PBXFileReference; lastKnownFileType = sourcecode.swift; path = LoginVC.swift; sourceTree = "<group>"; };
		3281C6A228A9608A009EB473 /* SignUpVC.swift */ = {isa = PBXFileReference; lastKnownFileType = sourcecode.swift; path = SignUpVC.swift; sourceTree = "<group>"; };
		32B00A9528BFD73D0012526D /* CAR_RENTAL.entitlements */ = {isa = PBXFileReference; lastKnownFileType = text.plist.entitlements; path = CAR_RENTAL.entitlements; sourceTree = "<group>"; };
		32B00A9628BFF17B0012526D /* NotifDataVC.swift */ = {isa = PBXFileReference; lastKnownFileType = sourcecode.swift; path = NotifDataVC.swift; sourceTree = "<group>"; };
		32B00A9828BFF58B0012526D /* DataCell.swift */ = {isa = PBXFileReference; lastKnownFileType = sourcecode.swift; path = DataCell.swift; sourceTree = "<group>"; };
		32B00A9D28BFF97D0012526D /* Coordinator Protocol.swift */ = {isa = PBXFileReference; lastKnownFileType = sourcecode.swift; path = "Coordinator Protocol.swift"; sourceTree = "<group>"; };
		32B00AA028BFF9920012526D /* MainCoordinator.swift */ = {isa = PBXFileReference; lastKnownFileType = sourcecode.swift; path = MainCoordinator.swift; sourceTree = "<group>"; };
		B78A9786E2070E609BB6DDF4 /* Pods_CAR_RENTAL.framework */ = {isa = PBXFileReference; explicitFileType = wrapper.framework; includeInIndex = 0; path = Pods_CAR_RENTAL.framework; sourceTree = BUILT_PRODUCTS_DIR; };
		B9A27D5990ACA7272AA7A670 /* Pods-CAR_RENTAL.debug.xcconfig */ = {isa = PBXFileReference; includeInIndex = 1; lastKnownFileType = text.xcconfig; name = "Pods-CAR_RENTAL.debug.xcconfig"; path = "Target Support Files/Pods-CAR_RENTAL/Pods-CAR_RENTAL.debug.xcconfig"; sourceTree = "<group>"; };
/* End PBXFileReference section */

/* Begin PBXFrameworksBuildPhase section */
		325A18302896786200A80F03 /* Frameworks */ = {
			isa = PBXFrameworksBuildPhase;
			buildActionMask = 2147483647;
			files = (
				4DAEF3360CFEA51AB0989DDE /* Pods_CAR_RENTAL.framework in Frameworks */,
			);
			runOnlyForDeploymentPostprocessing = 0;
		};
/* End PBXFrameworksBuildPhase section */

/* Begin PBXGroup section */
		3215A81028C0532400D162BE /* Storage */ = {
			isa = PBXGroup;
			children = (
				3215A81128C0536300D162BE /* StorageProtocol.swift */,
				3215A81328C053EA00D162BE /* FileSytemStorage.swift */,
			);
			path = Storage;
			sourceTree = "<group>";
		};
		321E55CE2899915800A489CD /* Utilities */ = {
			isa = PBXGroup;
			children = (
				321E55CF2899916C00A489CD /* Constants.swift */,
				326E8FEB289C68F100C9C2F5 /* UIImageViewExtension.swift */,
			);
			path = Utilities;
			sourceTree = "<group>";
		};
		321E55D52899B0C800A489CD /* ViewModel */ = {
			isa = PBXGroup;
			children = (
				321E55D62899B0E800A489CD /* RentalViewModel.swift */,
			);
			path = ViewModel;
			sourceTree = "<group>";
		};
		321E55D82899B3B500A489CD /* Model */ = {
			isa = PBXGroup;
			children = (
				321E55D92899B3DA00A489CD /* DataModel.swift */,
				3215A80E28C050C300D162BE /* NotifDataModel.swift */,
			);
			path = Model;
			sourceTree = "<group>";
		};
		321E55DB2899B57E00A489CD /* Service */ = {
			isa = PBXGroup;
			children = (
				321E55DC2899B59300A489CD /* DataService.swift */,
				3222F22A28AABC710094DF1B /* FirebaseAuthService.swift */,
			);
			path = Service;
			sourceTree = "<group>";
		};
		3247F48D28A7CD9000F3B03A /* Helpers */ = {
			isa = PBXGroup;
			children = (
				3247F48E28A7CD9000F3B03A /* DataParser.swift */,
				3247F48F28A7CD9000F3B03A /* UrlRequestMaker.swift */,
			);
			path = Helpers;
			sourceTree = "<group>";
		};
		325A182A2896786200A80F03 = {
			isa = PBXGroup;
			children = (
				325A18352896786200A80F03 /* CAR_RENTAL */,
				325A18342896786200A80F03 /* Products */,
				7E7A7A6D0EF47C85DCDEA471 /* Pods */,
				90E77B7D80BC2EDBBCD1DA8C /* Frameworks */,
			);
			sourceTree = "<group>";
		};
		325A18342896786200A80F03 /* Products */ = {
			isa = PBXGroup;
			children = (
				325A18332896786200A80F03 /* CAR_RENTAL.app */,
			);
			name = Products;
			sourceTree = "<group>";
		};
		325A18352896786200A80F03 /* CAR_RENTAL */ = {
			isa = PBXGroup;
			children = (
				32B00A9528BFD73D0012526D /* CAR_RENTAL.entitlements */,
				3215A81028C0532400D162BE /* Storage */,
				32B00A9C28BFF9530012526D /* Coordinator */,
				321E55DB2899B57E00A489CD /* Service */,
				3247F48D28A7CD9000F3B03A /* Helpers */,
				321E55CE2899915800A489CD /* Utilities */,
				321E55D82899B3B500A489CD /* Model */,
				325A184A2896871500A80F03 /* View */,
				321E55D52899B0C800A489CD /* ViewModel */,
				325A18362896786200A80F03 /* AppDelegate.swift */,
				325A183F2896786400A80F03 /* Assets.xcassets */,
				325A18412896786400A80F03 /* LaunchScreen.storyboard */,
				325A18442896786400A80F03 /* Info.plist */,
				321E55D32899985D00A489CD /* Observable.swift */,
			);
			path = CAR_RENTAL;
			sourceTree = "<group>";
		};
		325A184A2896871500A80F03 /* View */ = {
			isa = PBXGroup;
			children = (
				32B00A9A28BFF8EA0012526D /* Custom View */,
				32B00A9B28BFF90C0012526D /* View Controllers */,
			);
			path = View;
			sourceTree = "<group>";
		};
		32B00A9A28BFF8EA0012526D /* Custom View */ = {
			isa = PBXGroup;
			children = (
				321E55D1289994A700A489CD /* CarCell.swift */,
				32B00A9828BFF58B0012526D /* DataCell.swift */,
			);
			path = "Custom View";
			sourceTree = "<group>";
		};
		32B00A9B28BFF90C0012526D /* View Controllers */ = {
			isa = PBXGroup;
			children = (
				325A183A2896786200A80F03 /* MainVC.swift */,
				3281C6A028A9605E009EB473 /* LoginVC.swift */,
				3281C6A228A9608A009EB473 /* SignUpVC.swift */,
				32B00A9628BFF17B0012526D /* NotifDataVC.swift */,
			);
			path = "View Controllers";
			sourceTree = "<group>";
		};
		32B00A9C28BFF9530012526D /* Coordinator */ = {
			isa = PBXGroup;
			children = (
				32B00A9D28BFF97D0012526D /* Coordinator Protocol.swift */,
				32B00AA028BFF9920012526D /* MainCoordinator.swift */,
			);
			path = Coordinator;
			sourceTree = "<group>";
		};
		7E7A7A6D0EF47C85DCDEA471 /* Pods */ = {
			isa = PBXGroup;
			children = (
				B9A27D5990ACA7272AA7A670 /* Pods-CAR_RENTAL.debug.xcconfig */,
				239E0265D1B5AB0F6A20E3DB /* Pods-CAR_RENTAL.release.xcconfig */,
			);
			path = Pods;
			sourceTree = "<group>";
		};
		90E77B7D80BC2EDBBCD1DA8C /* Frameworks */ = {
			isa = PBXGroup;
			children = (
				B78A9786E2070E609BB6DDF4 /* Pods_CAR_RENTAL.framework */,
			);
			name = Frameworks;
			sourceTree = "<group>";
		};
/* End PBXGroup section */

/* Begin PBXNativeTarget section */
		325A18322896786200A80F03 /* CAR_RENTAL */ = {
			isa = PBXNativeTarget;
			buildConfigurationList = 325A18472896786400A80F03 /* Build configuration list for PBXNativeTarget "CAR_RENTAL" */;
			buildPhases = (
				A1F9A390AA6694D1CD40C66E /* [CP] Check Pods Manifest.lock */,
				325A182F2896786200A80F03 /* Sources */,
				325A18302896786200A80F03 /* Frameworks */,
				325A18312896786200A80F03 /* Resources */,
				AD5AEBF48ECB87E08983FA4E /* [CP] Embed Pods Frameworks */,
			);
			buildRules = (
			);
			dependencies = (
			);
			name = CAR_RENTAL;
			productName = CAR_RENTAL;
			productReference = 325A18332896786200A80F03 /* CAR_RENTAL.app */;
			productType = "com.apple.product-type.application";
		};
/* End PBXNativeTarget section */

/* Begin PBXProject section */
		325A182B2896786200A80F03 /* Project object */ = {
			isa = PBXProject;
			attributes = {
				BuildIndependentTargetsInParallel = 1;
				LastSwiftUpdateCheck = 1340;
				LastUpgradeCheck = 1340;
				TargetAttributes = {
					325A18322896786200A80F03 = {
						CreatedOnToolsVersion = 13.4;
					};
				};
			};
			buildConfigurationList = 325A182E2896786200A80F03 /* Build configuration list for PBXProject "CAR_RENTAL" */;
			compatibilityVersion = "Xcode 13.0";
			developmentRegion = en;
			hasScannedForEncodings = 0;
			knownRegions = (
				en,
				Base,
			);
			mainGroup = 325A182A2896786200A80F03;
			productRefGroup = 325A18342896786200A80F03 /* Products */;
			projectDirPath = "";
			projectRoot = "";
			targets = (
				325A18322896786200A80F03 /* CAR_RENTAL */,
			);
		};
/* End PBXProject section */

/* Begin PBXResourcesBuildPhase section */
		325A18312896786200A80F03 /* Resources */ = {
			isa = PBXResourcesBuildPhase;
			buildActionMask = 2147483647;
			files = (
				325A18432896786400A80F03 /* LaunchScreen.storyboard in Resources */,
				325A18402896786400A80F03 /* Assets.xcassets in Resources */,
			);
			runOnlyForDeploymentPostprocessing = 0;
		};
/* End PBXResourcesBuildPhase section */

/* Begin PBXShellScriptBuildPhase section */
		A1F9A390AA6694D1CD40C66E /* [CP] Check Pods Manifest.lock */ = {
			isa = PBXShellScriptBuildPhase;
			buildActionMask = 2147483647;
			files = (
			);
			inputFileListPaths = (
			);
			inputPaths = (
				"${PODS_PODFILE_DIR_PATH}/Podfile.lock",
				"${PODS_ROOT}/Manifest.lock",
			);
			name = "[CP] Check Pods Manifest.lock";
			outputFileListPaths = (
			);
			outputPaths = (
				"$(DERIVED_FILE_DIR)/Pods-CAR_RENTAL-checkManifestLockResult.txt",
			);
			runOnlyForDeploymentPostprocessing = 0;
			shellPath = /bin/sh;
			shellScript = "diff \"${PODS_PODFILE_DIR_PATH}/Podfile.lock\" \"${PODS_ROOT}/Manifest.lock\" > /dev/null\nif [ $? != 0 ] ; then\n    # print error to STDERR\n    echo \"error: The sandbox is not in sync with the Podfile.lock. Run 'pod install' or update your CocoaPods installation.\" >&2\n    exit 1\nfi\n# This output is used by Xcode 'outputs' to avoid re-running this script phase.\necho \"SUCCESS\" > \"${SCRIPT_OUTPUT_FILE_0}\"\n";
			showEnvVarsInLog = 0;
		};
		AD5AEBF48ECB87E08983FA4E /* [CP] Embed Pods Frameworks */ = {
			isa = PBXShellScriptBuildPhase;
			buildActionMask = 2147483647;
			files = (
			);
			inputFileListPaths = (
				"${PODS_ROOT}/Target Support Files/Pods-CAR_RENTAL/Pods-CAR_RENTAL-frameworks-${CONFIGURATION}-input-files.xcfilelist",
			);
			name = "[CP] Embed Pods Frameworks";
			outputFileListPaths = (
				"${PODS_ROOT}/Target Support Files/Pods-CAR_RENTAL/Pods-CAR_RENTAL-frameworks-${CONFIGURATION}-output-files.xcfilelist",
			);
			runOnlyForDeploymentPostprocessing = 0;
			shellPath = /bin/sh;
			shellScript = "\"${PODS_ROOT}/Target Support Files/Pods-CAR_RENTAL/Pods-CAR_RENTAL-frameworks.sh\"\n";
			showEnvVarsInLog = 0;
		};
/* End PBXShellScriptBuildPhase section */

/* Begin PBXSourcesBuildPhase section */
		325A182F2896786200A80F03 /* Sources */ = {
			isa = PBXSourcesBuildPhase;
			buildActionMask = 2147483647;
			files = (
				3215A80F28C050C300D162BE /* NotifDataModel.swift in Sources */,
				32B00A9728BFF17B0012526D /* NotifDataVC.swift in Sources */,
				3281C6A128A9605E009EB473 /* LoginVC.swift in Sources */,
				3222F22B28AABC710094DF1B /* FirebaseAuthService.swift in Sources */,
				32B00A9928BFF58B0012526D /* DataCell.swift in Sources */,
				325A18372896786200A80F03 /* AppDelegate.swift in Sources */,
				321E55D2289994A700A489CD /* CarCell.swift in Sources */,
				326E8FEC289C68F100C9C2F5 /* UIImageViewExtension.swift in Sources */,
				32B00A9E28BFF97D0012526D /* Coordinator Protocol.swift in Sources */,
				321E55D72899B0E800A489CD /* RentalViewModel.swift in Sources */,
				3215A81228C0536300D162BE /* StorageProtocol.swift in Sources */,
				3215A81428C053EA00D162BE /* FileSytemStorage.swift in Sources */,
				3247F49028A7CD9000F3B03A /* DataParser.swift in Sources */,
				32B00AA128BFF9920012526D /* MainCoordinator.swift in Sources */,
				325A183B2896786200A80F03 /* MainVC.swift in Sources */,
				3247F49128A7CD9000F3B03A /* UrlRequestMaker.swift in Sources */,
				321E55DA2899B3DA00A489CD /* DataModel.swift in Sources */,
				321E55D42899985D00A489CD /* Observable.swift in Sources */,
				3281C6A328A9608A009EB473 /* SignUpVC.swift in Sources */,
				321E55D02899916C00A489CD /* Constants.swift in Sources */,
				321E55DD2899B59300A489CD /* DataService.swift in Sources */,
			);
			runOnlyForDeploymentPostprocessing = 0;
		};
/* End PBXSourcesBuildPhase section */

/* Begin PBXVariantGroup section */
		325A18412896786400A80F03 /* LaunchScreen.storyboard */ = {
			isa = PBXVariantGroup;
			children = (
				325A18422896786400A80F03 /* Base */,
			);
			name = LaunchScreen.storyboard;
			sourceTree = "<group>";
		};
/* End PBXVariantGroup section */

/* Begin XCBuildConfiguration section */
		325A18452896786400A80F03 /* Debug */ = {
			isa = XCBuildConfiguration;
			buildSettings = {
				ALWAYS_SEARCH_USER_PATHS = NO;
				CLANG_ANALYZER_NONNULL = YES;
				CLANG_ANALYZER_NUMBER_OBJECT_CONVERSION = YES_AGGRESSIVE;
				CLANG_CXX_LANGUAGE_STANDARD = "gnu++17";
				CLANG_ENABLE_MODULES = YES;
				CLANG_ENABLE_OBJC_ARC = YES;
				CLANG_ENABLE_OBJC_WEAK = YES;
				CLANG_WARN_BLOCK_CAPTURE_AUTORELEASING = YES;
				CLANG_WARN_BOOL_CONVERSION = YES;
				CLANG_WARN_COMMA = YES;
				CLANG_WARN_CONSTANT_CONVERSION = YES;
				CLANG_WARN_DEPRECATED_OBJC_IMPLEMENTATIONS = YES;
				CLANG_WARN_DIRECT_OBJC_ISA_USAGE = YES_ERROR;
				CLANG_WARN_DOCUMENTATION_COMMENTS = YES;
				CLANG_WARN_EMPTY_BODY = YES;
				CLANG_WARN_ENUM_CONVERSION = YES;
				CLANG_WARN_INFINITE_RECURSION = YES;
				CLANG_WARN_INT_CONVERSION = YES;
				CLANG_WARN_NON_LITERAL_NULL_CONVERSION = YES;
				CLANG_WARN_OBJC_IMPLICIT_RETAIN_SELF = YES;
				CLANG_WARN_OBJC_LITERAL_CONVERSION = YES;
				CLANG_WARN_OBJC_ROOT_CLASS = YES_ERROR;
				CLANG_WARN_QUOTED_INCLUDE_IN_FRAMEWORK_HEADER = YES;
				CLANG_WARN_RANGE_LOOP_ANALYSIS = YES;
				CLANG_WARN_STRICT_PROTOTYPES = YES;
				CLANG_WARN_SUSPICIOUS_MOVE = YES;
				CLANG_WARN_UNGUARDED_AVAILABILITY = YES_AGGRESSIVE;
				CLANG_WARN_UNREACHABLE_CODE = YES;
				CLANG_WARN__DUPLICATE_METHOD_MATCH = YES;
				COPY_PHASE_STRIP = NO;
				DEBUG_INFORMATION_FORMAT = dwarf;
				ENABLE_STRICT_OBJC_MSGSEND = YES;
				ENABLE_TESTABILITY = YES;
				GCC_C_LANGUAGE_STANDARD = gnu11;
				GCC_DYNAMIC_NO_PIC = NO;
				GCC_NO_COMMON_BLOCKS = YES;
				GCC_OPTIMIZATION_LEVEL = 0;
				GCC_PREPROCESSOR_DEFINITIONS = (
					"DEBUG=1",
					"$(inherited)",
				);
				GCC_WARN_64_TO_32_BIT_CONVERSION = YES;
				GCC_WARN_ABOUT_RETURN_TYPE = YES_ERROR;
				GCC_WARN_UNDECLARED_SELECTOR = YES;
				GCC_WARN_UNINITIALIZED_AUTOS = YES_AGGRESSIVE;
				GCC_WARN_UNUSED_FUNCTION = YES;
				GCC_WARN_UNUSED_VARIABLE = YES;
				IPHONEOS_DEPLOYMENT_TARGET = 15.5;
				MTL_ENABLE_DEBUG_INFO = INCLUDE_SOURCE;
				MTL_FAST_MATH = YES;
				ONLY_ACTIVE_ARCH = YES;
				SDKROOT = iphoneos;
				SWIFT_ACTIVE_COMPILATION_CONDITIONS = DEBUG;
				SWIFT_OPTIMIZATION_LEVEL = "-Onone";
			};
			name = Debug;
		};
		325A18462896786400A80F03 /* Release */ = {
			isa = XCBuildConfiguration;
			buildSettings = {
				ALWAYS_SEARCH_USER_PATHS = NO;
				CLANG_ANALYZER_NONNULL = YES;
				CLANG_ANALYZER_NUMBER_OBJECT_CONVERSION = YES_AGGRESSIVE;
				CLANG_CXX_LANGUAGE_STANDARD = "gnu++17";
				CLANG_ENABLE_MODULES = YES;
				CLANG_ENABLE_OBJC_ARC = YES;
				CLANG_ENABLE_OBJC_WEAK = YES;
				CLANG_WARN_BLOCK_CAPTURE_AUTORELEASING = YES;
				CLANG_WARN_BOOL_CONVERSION = YES;
				CLANG_WARN_COMMA = YES;
				CLANG_WARN_CONSTANT_CONVERSION = YES;
				CLANG_WARN_DEPRECATED_OBJC_IMPLEMENTATIONS = YES;
				CLANG_WARN_DIRECT_OBJC_ISA_USAGE = YES_ERROR;
				CLANG_WARN_DOCUMENTATION_COMMENTS = YES;
				CLANG_WARN_EMPTY_BODY = YES;
				CLANG_WARN_ENUM_CONVERSION = YES;
				CLANG_WARN_INFINITE_RECURSION = YES;
				CLANG_WARN_INT_CONVERSION = YES;
				CLANG_WARN_NON_LITERAL_NULL_CONVERSION = YES;
				CLANG_WARN_OBJC_IMPLICIT_RETAIN_SELF = YES;
				CLANG_WARN_OBJC_LITERAL_CONVERSION = YES;
				CLANG_WARN_OBJC_ROOT_CLASS = YES_ERROR;
				CLANG_WARN_QUOTED_INCLUDE_IN_FRAMEWORK_HEADER = YES;
				CLANG_WARN_RANGE_LOOP_ANALYSIS = YES;
				CLANG_WARN_STRICT_PROTOTYPES = YES;
				CLANG_WARN_SUSPICIOUS_MOVE = YES;
				CLANG_WARN_UNGUARDED_AVAILABILITY = YES_AGGRESSIVE;
				CLANG_WARN_UNREACHABLE_CODE = YES;
				CLANG_WARN__DUPLICATE_METHOD_MATCH = YES;
				COPY_PHASE_STRIP = NO;
				DEBUG_INFORMATION_FORMAT = "dwarf-with-dsym";
				ENABLE_NS_ASSERTIONS = NO;
				ENABLE_STRICT_OBJC_MSGSEND = YES;
				GCC_C_LANGUAGE_STANDARD = gnu11;
				GCC_NO_COMMON_BLOCKS = YES;
				GCC_WARN_64_TO_32_BIT_CONVERSION = YES;
				GCC_WARN_ABOUT_RETURN_TYPE = YES_ERROR;
				GCC_WARN_UNDECLARED_SELECTOR = YES;
				GCC_WARN_UNINITIALIZED_AUTOS = YES_AGGRESSIVE;
				GCC_WARN_UNUSED_FUNCTION = YES;
				GCC_WARN_UNUSED_VARIABLE = YES;
				IPHONEOS_DEPLOYMENT_TARGET = 15.5;
				MTL_ENABLE_DEBUG_INFO = NO;
				MTL_FAST_MATH = YES;
				SDKROOT = iphoneos;
				SWIFT_COMPILATION_MODE = wholemodule;
				SWIFT_OPTIMIZATION_LEVEL = "-O";
				VALIDATE_PRODUCT = YES;
			};
			name = Release;
		};
		325A18482896786400A80F03 /* Debug */ = {
			isa = XCBuildConfiguration;
			baseConfigurationReference = B9A27D5990ACA7272AA7A670 /* Pods-CAR_RENTAL.debug.xcconfig */;
			buildSettings = {
				ASSETCATALOG_COMPILER_APPICON_NAME = AppIcon;
				ASSETCATALOG_COMPILER_GLOBAL_ACCENT_COLOR_NAME = AccentColor;
				CODE_SIGN_ENTITLEMENTS = CAR_RENTAL/CAR_RENTAL.entitlements;
				CODE_SIGN_STYLE = Automatic;
				CURRENT_PROJECT_VERSION = 1;
				DEVELOPMENT_TEAM = DK47ZGQX9C;
				GENERATE_INFOPLIST_FILE = YES;
				INFOPLIST_FILE = CAR_RENTAL/Info.plist;
				INFOPLIST_KEY_UIApplicationSupportsIndirectInputEvents = YES;
				INFOPLIST_KEY_UILaunchStoryboardName = LaunchScreen;
				INFOPLIST_KEY_UISupportedInterfaceOrientations_iPad = "UIInterfaceOrientationPortrait UIInterfaceOrientationPortraitUpsideDown UIInterfaceOrientationLandscapeLeft UIInterfaceOrientationLandscapeRight";
				INFOPLIST_KEY_UISupportedInterfaceOrientations_iPhone = "UIInterfaceOrientationPortrait UIInterfaceOrientationLandscapeLeft UIInterfaceOrientationLandscapeRight";
				LD_RUNPATH_SEARCH_PATHS = (
					"$(inherited)",
					"@executable_path/Frameworks",
				);
				MARKETING_VERSION = 1.0;
				PRODUCT_BUNDLE_IDENTIFIER = "com.yusufkeskin.CAR-RENTAL";
				PRODUCT_NAME = "$(TARGET_NAME)";
				SWIFT_EMIT_LOC_STRINGS = YES;
				SWIFT_VERSION = 5.0;
				TARGETED_DEVICE_FAMILY = "1,2";
			};
			name = Debug;
		};
		325A18492896786400A80F03 /* Release */ = {
			isa = XCBuildConfiguration;
			baseConfigurationReference = 239E0265D1B5AB0F6A20E3DB /* Pods-CAR_RENTAL.release.xcconfig */;
			buildSettings = {
				ASSETCATALOG_COMPILER_APPICON_NAME = AppIcon;
				ASSETCATALOG_COMPILER_GLOBAL_ACCENT_COLOR_NAME = AccentColor;
				CODE_SIGN_ENTITLEMENTS = CAR_RENTAL/CAR_RENTAL.entitlements;
				CODE_SIGN_STYLE = Automatic;
				CURRENT_PROJECT_VERSION = 1;
				DEVELOPMENT_TEAM = DK47ZGQX9C;
				GENERATE_INFOPLIST_FILE = YES;
				INFOPLIST_FILE = CAR_RENTAL/Info.plist;
				INFOPLIST_KEY_UIApplicationSupportsIndirectInputEvents = YES;
				INFOPLIST_KEY_UILaunchStoryboardName = LaunchScreen;
				INFOPLIST_KEY_UISupportedInterfaceOrientations_iPad = "UIInterfaceOrientationPortrait UIInterfaceOrientationPortraitUpsideDown UIInterfaceOrientationLandscapeLeft UIInterfaceOrientationLandscapeRight";
				INFOPLIST_KEY_UISupportedInterfaceOrientations_iPhone = "UIInterfaceOrientationPortrait UIInterfaceOrientationLandscapeLeft UIInterfaceOrientationLandscapeRight";
				LD_RUNPATH_SEARCH_PATHS = (
					"$(inherited)",
					"@executable_path/Frameworks",
				);
				MARKETING_VERSION = 1.0;
				PRODUCT_BUNDLE_IDENTIFIER = "com.yusufkeskin.CAR-RENTAL";
				PRODUCT_NAME = "$(TARGET_NAME)";
				SWIFT_EMIT_LOC_STRINGS = YES;
				SWIFT_VERSION = 5.0;
				TARGETED_DEVICE_FAMILY = "1,2";
			};
			name = Release;
		};
/* End XCBuildConfiguration section */

/* Begin XCConfigurationList section */
		325A182E2896786200A80F03 /* Build configuration list for PBXProject "CAR_RENTAL" */ = {
			isa = XCConfigurationList;
			buildConfigurations = (
				325A18452896786400A80F03 /* Debug */,
				325A18462896786400A80F03 /* Release */,
			);
			defaultConfigurationIsVisible = 0;
			defaultConfigurationName = Release;
		};
		325A18472896786400A80F03 /* Build configuration list for PBXNativeTarget "CAR_RENTAL" */ = {
			isa = XCConfigurationList;
			buildConfigurations = (
				325A18482896786400A80F03 /* Debug */,
				325A18492896786400A80F03 /* Release */,
			);
			defaultConfigurationIsVisible = 0;
			defaultConfigurationName = Release;
		};
/* End XCConfigurationList section */
	};
	rootObject = 325A182B2896786200A80F03 /* Project object */;
}
