// !$*UTF8*$!
{
	archiveVersion = 1;
	classes = {
	};
	objectVersion = 55;
	objects = {

/* Begin PBXBuildFile section */
		321E55D02899916C00A489CD /* Constants.swift in Sources */ = {isa = PBXBuildFile; fileRef = 321E55CF2899916C00A489CD /* Constants.swift */; };
		321E55D2289994A700A489CD /* CarCell.swift in Sources */ = {isa = PBXBuildFile; fileRef = 321E55D1289994A700A489CD /* CarCell.swift */; };
		321E55D42899985D00A489CD /* Observable.swift in Sources */ = {isa = PBXBuildFile; fileRef = 321E55D32899985D00A489CD /* Observable.swift */; };
		321E55D72899B0E800A489CD /* RentalViewModel.swift in Sources */ = {isa = PBXBuildFile; fileRef = 321E55D62899B0E800A489CD /* RentalViewModel.swift */; };
		321E55DA2899B3DA00A489CD /* DataModel.swift in Sources */ = {isa = PBXBuildFile; fileRef = 321E55D92899B3DA00A489CD /* DataModel.swift */; };
		321E55DD2899B59300A489CD /* DataService.swift in Sources */ = {isa = PBXBuildFile; fileRef = 321E55DC2899B59300A489CD /* DataService.swift */; };
		325A18372896786200A80F03 /* AppDelegate.swift in Sources */ = {isa = PBXBuildFile; fileRef = 325A18362896786200A80F03 /* AppDelegate.swift */; };
		325A183B2896786200A80F03 /* ViewController.swift in Sources */ = {isa = PBXBuildFile; fileRef = 325A183A2896786200A80F03 /* ViewController.swift */; };
		325A18402896786400A80F03 /* Assets.xcassets in Resources */ = {isa = PBXBuildFile; fileRef = 325A183F2896786400A80F03 /* Assets.xcassets */; };
		325A18432896786400A80F03 /* LaunchScreen.storyboard in Resources */ = {isa = PBXBuildFile; fileRef = 325A18412896786400A80F03 /* LaunchScreen.storyboard */; };
		326E8FEC289C68F100C9C2F5 /* UIImageViewExtension.swift in Sources */ = {isa = PBXBuildFile; fileRef = 326E8FEB289C68F100C9C2F5 /* UIImageViewExtension.swift */; };
/* End PBXBuildFile section */

/* Begin PBXFileReference section */
		321E55CF2899916C00A489CD /* Constants.swift */ = {isa = PBXFileReference; lastKnownFileType = sourcecode.swift; path = Constants.swift; sourceTree = "<group>"; };
		321E55D1289994A700A489CD /* CarCell.swift */ = {isa = PBXFileReference; lastKnownFileType = sourcecode.swift; path = CarCell.swift; sourceTree = "<group>"; };
		321E55D32899985D00A489CD /* Observable.swift */ = {isa = PBXFileReference; lastKnownFileType = sourcecode.swift; path = Observable.swift; sourceTree = "<group>"; };
		321E55D62899B0E800A489CD /* RentalViewModel.swift */ = {isa = PBXFileReference; lastKnownFileType = sourcecode.swift; path = RentalViewModel.swift; sourceTree = "<group>"; };
		321E55D92899B3DA00A489CD /* DataModel.swift */ = {isa = PBXFileReference; lastKnownFileType = sourcecode.swift; path = DataModel.swift; sourceTree = "<group>"; };
		321E55DC2899B59300A489CD /* DataService.swift */ = {isa = PBXFileReference; lastKnownFileType = sourcecode.swift; path = DataService.swift; sourceTree = "<group>"; };
		325A18332896786200A80F03 /* CAR_RENTAL.app */ = {isa = PBXFileReference; explicitFileType = wrapper.application; includeInIndex = 0; path = CAR_RENTAL.app; sourceTree = BUILT_PRODUCTS_DIR; };
		325A18362896786200A80F03 /* AppDelegate.swift */ = {isa = PBXFileReference; lastKnownFileType = sourcecode.swift; path = AppDelegate.swift; sourceTree = "<group>"; };
		325A183A2896786200A80F03 /* ViewController.swift */ = {isa = PBXFileReference; lastKnownFileType = sourcecode.swift; path = ViewController.swift; sourceTree = "<group>"; };
		325A183F2896786400A80F03 /* Assets.xcassets */ = {isa = PBXFileReference; lastKnownFileType = folder.assetcatalog; path = Assets.xcassets; sourceTree = "<group>"; };
		325A18422896786400A80F03 /* Base */ = {isa = PBXFileReference; lastKnownFileType = file.storyboard; name = Base; path = Base.lproj/LaunchScreen.storyboard; sourceTree = "<group>"; };
		325A18442896786400A80F03 /* Info.plist */ = {isa = PBXFileReference; lastKnownFileType = text.plist.xml; path = Info.plist; sourceTree = "<group>"; };
		326E8FEB289C68F100C9C2F5 /* UIImageViewExtension.swift */ = {isa = PBXFileReference; lastKnownFileType = sourcecode.swift; path = UIImageViewExtension.swift; sourceTree = "<group>"; };
/* End PBXFileReference section */

/* Begin PBXFrameworksBuildPhase section */
		325A18302896786200A80F03 /* Frameworks */ = {
			isa = PBXFrameworksBuildPhase;
			buildActionMask = 2147483647;
			files = (
			);
			runOnlyForDeploymentPostprocessing = 0;
		};
/* End PBXFrameworksBuildPhase section */

/* Begin PBXGroup section */
		321E55CE2899915800A489CD /* Utilities */ = {
			isa = PBXGroup;
			children = (
				321E55CF2899916C00A489CD /* Constants.swift */,
				326E8FEB289C68F100C9C2F5 /* UIImageViewExtension.swift */,
			);
			path = Utilities;
			sourceTree = "<group>";
		};
		321E55D52899B0C800A489CD /* ViewModel */ = {
			isa = PBXGroup;
			children = (
				321E55D62899B0E800A489CD /* RentalViewModel.swift */,
			);
			path = ViewModel;
			sourceTree = "<group>";
		};
		321E55D82899B3B500A489CD /* Model */ = {
			isa = PBXGroup;
			children = (
				321E55D92899B3DA00A489CD /* DataModel.swift */,
			);
			path = Model;
			sourceTree = "<group>";
		};
		321E55DB2899B57E00A489CD /* Service */ = {
			isa = PBXGroup;
			children = (
				321E55DC2899B59300A489CD /* DataService.swift */,
			);
			path = Service;
			sourceTree = "<group>";
		};
		325A182A2896786200A80F03 = {
			isa = PBXGroup;
			children = (
				325A18352896786200A80F03 /* CAR_RENTAL */,
				325A18342896786200A80F03 /* Products */,
			);
			sourceTree = "<group>";
		};
		325A18342896786200A80F03 /* Products */ = {
			isa = PBXGroup;
			children = (
				325A18332896786200A80F03 /* CAR_RENTAL.app */,
			);
			name = Products;
			sourceTree = "<group>";
		};
		325A18352896786200A80F03 /* CAR_RENTAL */ = {
			isa = PBXGroup;
			children = (
				321E55DB2899B57E00A489CD /* Service */,
				321E55D82899B3B500A489CD /* Model */,
				321E55CE2899915800A489CD /* Utilities */,
				321E55D52899B0C800A489CD /* ViewModel */,
				325A184A2896871500A80F03 /* View */,
				325A18362896786200A80F03 /* AppDelegate.swift */,
				325A183F2896786400A80F03 /* Assets.xcassets */,
				325A18412896786400A80F03 /* LaunchScreen.storyboard */,
				325A18442896786400A80F03 /* Info.plist */,
				321E55D32899985D00A489CD /* Observable.swift */,
			);
			path = CAR_RENTAL;
			sourceTree = "<group>";
		};
		325A184A2896871500A80F03 /* View */ = {
			isa = PBXGroup;
			children = (
				321E55D1289994A700A489CD /* CarCell.swift */,
				325A183A2896786200A80F03 /* ViewController.swift */,
			);
			path = View;
			sourceTree = "<group>";
		};
/* End PBXGroup section */

/* Begin PBXNativeTarget section */
		325A18322896786200A80F03 /* CAR_RENTAL */ = {
			isa = PBXNativeTarget;
			buildConfigurationList = 325A18472896786400A80F03 /* Build configuration list for PBXNativeTarget "CAR_RENTAL" */;
			buildPhases = (
				325A182F2896786200A80F03 /* Sources */,
				325A18302896786200A80F03 /* Frameworks */,
				325A18312896786200A80F03 /* Resources */,
			);
			buildRules = (
			);
			dependencies = (
			);
			name = CAR_RENTAL;
			productName = CAR_RENTAL;
			productReference = 325A18332896786200A80F03 /* CAR_RENTAL.app */;
			productType = "com.apple.product-type.application";
		};
/* End PBXNativeTarget section */

/* Begin PBXProject section */
		325A182B2896786200A80F03 /* Project object */ = {
			isa = PBXProject;
			attributes = {
				BuildIndependentTargetsInParallel = 1;
				LastSwiftUpdateCheck = 1340;
				LastUpgradeCheck = 1340;
				TargetAttributes = {
					325A18322896786200A80F03 = {
						CreatedOnToolsVersion = 13.4;
					};
				};
			};
			buildConfigurationList = 325A182E2896786200A80F03 /* Build configuration list for PBXProject "CAR_RENTAL" */;
			compatibilityVersion = "Xcode 13.0";
			developmentRegion = en;
			hasScannedForEncodings = 0;
			knownRegions = (
				en,
				Base,
			);
			mainGroup = 325A182A2896786200A80F03;
			productRefGroup = 325A18342896786200A80F03 /* Products */;
			projectDirPath = "";
			projectRoot = "";
			targets = (
				325A18322896786200A80F03 /* CAR_RENTAL */,
			);
		};
/* End PBXProject section */

/* Begin PBXResourcesBuildPhase section */
		325A18312896786200A80F03 /* Resources */ = {
			isa = PBXResourcesBuildPhase;
			buildActionMask = 2147483647;
			files = (
				325A18432896786400A80F03 /* LaunchScreen.storyboard in Resources */,
				325A18402896786400A80F03 /* Assets.xcassets in Resources */,
			);
			runOnlyForDeploymentPostprocessing = 0;
		};
/* End PBXResourcesBuildPhase section */

/* Begin PBXSourcesBuildPhase section */
		325A182F2896786200A80F03 /* Sources */ = {
			isa = PBXSourcesBuildPhase;
			buildActionMask = 2147483647;
			files = (
				321E55DA2899B3DA00A489CD /* DataModel.swift in Sources */,
				321E55D2289994A700A489CD /* CarCell.swift in Sources */,
				325A183B2896786200A80F03 /* ViewController.swift in Sources */,
				325A18372896786200A80F03 /* AppDelegate.swift in Sources */,
				321E55D42899985D00A489CD /* Observable.swift in Sources */,
				326E8FEC289C68F100C9C2F5 /* UIImageViewExtension.swift in Sources */,
				321E55D72899B0E800A489CD /* RentalViewModel.swift in Sources */,
				321E55D02899916C00A489CD /* Constants.swift in Sources */,
				321E55DD2899B59300A489CD /* DataService.swift in Sources */,
			);
			runOnlyForDeploymentPostprocessing = 0;
		};
/* End PBXSourcesBuildPhase section */

/* Begin PBXVariantGroup section */
		325A18412896786400A80F03 /* LaunchScreen.storyboard */ = {
			isa = PBXVariantGroup;
			children = (
				325A18422896786400A80F03 /* Base */,
			);
			name = LaunchScreen.storyboard;
			sourceTree = "<group>";
		};
/* End PBXVariantGroup section */

/* Begin XCBuildConfiguration section */
		325A18452896786400A80F03 /* Debug */ = {
			isa = XCBuildConfiguration;
			buildSettings = {
				ALWAYS_SEARCH_USER_PATHS = NO;
				CLANG_ANALYZER_NONNULL = YES;
				CLANG_ANALYZER_NUMBER_OBJECT_CONVERSION = YES_AGGRESSIVE;
				CLANG_CXX_LANGUAGE_STANDARD = "gnu++17";
				CLANG_ENABLE_MODULES = YES;
				CLANG_ENABLE_OBJC_ARC = YES;
				CLANG_ENABLE_OBJC_WEAK = YES;
				CLANG_WARN_BLOCK_CAPTURE_AUTORELEASING = YES;
				CLANG_WARN_BOOL_CONVERSION = YES;
				CLANG_WARN_COMMA = YES;
				CLANG_WARN_CONSTANT_CONVERSION = YES;
				CLANG_WARN_DEPRECATED_OBJC_IMPLEMENTATIONS = YES;
				CLANG_WARN_DIRECT_OBJC_ISA_USAGE = YES_ERROR;
				CLANG_WARN_DOCUMENTATION_COMMENTS = YES;
				CLANG_WARN_EMPTY_BODY = YES;
				CLANG_WARN_ENUM_CONVERSION = YES;
				CLANG_WARN_INFINITE_RECURSION = YES;
				CLANG_WARN_INT_CONVERSION = YES;
				CLANG_WARN_NON_LITERAL_NULL_CONVERSION = YES;
				CLANG_WARN_OBJC_IMPLICIT_RETAIN_SELF = YES;
				CLANG_WARN_OBJC_LITERAL_CONVERSION = YES;
				CLANG_WARN_OBJC_ROOT_CLASS = YES_ERROR;
				CLANG_WARN_QUOTED_INCLUDE_IN_FRAMEWORK_HEADER = YES;
				CLANG_WARN_RANGE_LOOP_ANALYSIS = YES;
				CLANG_WARN_STRICT_PROTOTYPES = YES;
				CLANG_WARN_SUSPICIOUS_MOVE = YES;
				CLANG_WARN_UNGUARDED_AVAILABILITY = YES_AGGRESSIVE;
				CLANG_WARN_UNREACHABLE_CODE = YES;
				CLANG_WARN__DUPLICATE_METHOD_MATCH = YES;
				COPY_PHASE_STRIP = NO;
				DEBUG_INFORMATION_FORMAT = dwarf;
				ENABLE_STRICT_OBJC_MSGSEND = YES;
				ENABLE_TESTABILITY = YES;
				GCC_C_LANGUAGE_STANDARD = gnu11;
				GCC_DYNAMIC_NO_PIC = NO;
				GCC_NO_COMMON_BLOCKS = YES;
				GCC_OPTIMIZATION_LEVEL = 0;
				GCC_PREPROCESSOR_DEFINITIONS = (
					"DEBUG=1",
					"$(inherited)",
				);
				GCC_WARN_64_TO_32_BIT_CONVERSION = YES;
				GCC_WARN_ABOUT_RETURN_TYPE = YES_ERROR;
				GCC_WARN_UNDECLARED_SELECTOR = YES;
				GCC_WARN_UNINITIALIZED_AUTOS = YES_AGGRESSIVE;
				GCC_WARN_UNUSED_FUNCTION = YES;
				GCC_WARN_UNUSED_VARIABLE = YES;
				IPHONEOS_DEPLOYMENT_TARGET = 15.5;
				MTL_ENABLE_DEBUG_INFO = INCLUDE_SOURCE;
				MTL_FAST_MATH = YES;
				ONLY_ACTIVE_ARCH = YES;
				SDKROOT = iphoneos;
				SWIFT_ACTIVE_COMPILATION_CONDITIONS = DEBUG;
				SWIFT_OPTIMIZATION_LEVEL = "-Onone";
			};
			name = Debug;
		};
		325A18462896786400A80F03 /* Release */ = {
			isa = XCBuildConfiguration;
			buildSettings = {
				ALWAYS_SEARCH_USER_PATHS = NO;
				CLANG_ANALYZER_NONNULL = YES;
				CLANG_ANALYZER_NUMBER_OBJECT_CONVERSION = YES_AGGRESSIVE;
				CLANG_CXX_LANGUAGE_STANDARD = "gnu++17";
				CLANG_ENABLE_MODULES = YES;
				CLANG_ENABLE_OBJC_ARC = YES;
				CLANG_ENABLE_OBJC_WEAK = YES;
				CLANG_WARN_BLOCK_CAPTURE_AUTORELEASING = YES;
				CLANG_WARN_BOOL_CONVERSION = YES;
				CLANG_WARN_COMMA = YES;
				CLANG_WARN_CONSTANT_CONVERSION = YES;
				CLANG_WARN_DEPRECATED_OBJC_IMPLEMENTATIONS = YES;
				CLANG_WARN_DIRECT_OBJC_ISA_USAGE = YES_ERROR;
				CLANG_WARN_DOCUMENTATION_COMMENTS = YES;
				CLANG_WARN_EMPTY_BODY = YES;
				CLANG_WARN_ENUM_CONVERSION = YES;
				CLANG_WARN_INFINITE_RECURSION = YES;
				CLANG_WARN_INT_CONVERSION = YES;
				CLANG_WARN_NON_LITERAL_NULL_CONVERSION = YES;
				CLANG_WARN_OBJC_IMPLICIT_RETAIN_SELF = YES;
				CLANG_WARN_OBJC_LITERAL_CONVERSION = YES;
				CLANG_WARN_OBJC_ROOT_CLASS = YES_ERROR;
				CLANG_WARN_QUOTED_INCLUDE_IN_FRAMEWORK_HEADER = YES;
				CLANG_WARN_RANGE_LOOP_ANALYSIS = YES;
				CLANG_WARN_STRICT_PROTOTYPES = YES;
				CLANG_WARN_SUSPICIOUS_MOVE = YES;
				CLANG_WARN_UNGUARDED_AVAILABILITY = YES_AGGRESSIVE;
				CLANG_WARN_UNREACHABLE_CODE = YES;
				CLANG_WARN__DUPLICATE_METHOD_MATCH = YES;
				COPY_PHASE_STRIP = NO;
				DEBUG_INFORMATION_FORMAT = "dwarf-with-dsym";
				ENABLE_NS_ASSERTIONS = NO;
				ENABLE_STRICT_OBJC_MSGSEND = YES;
				GCC_C_LANGUAGE_STANDARD = gnu11;
				GCC_NO_COMMON_BLOCKS = YES;
				GCC_WARN_64_TO_32_BIT_CONVERSION = YES;
				GCC_WARN_ABOUT_RETURN_TYPE = YES_ERROR;
				GCC_WARN_UNDECLARED_SELECTOR = YES;
				GCC_WARN_UNINITIALIZED_AUTOS = YES_AGGRESSIVE;
				GCC_WARN_UNUSED_FUNCTION = YES;
				GCC_WARN_UNUSED_VARIABLE = YES;
				IPHONEOS_DEPLOYMENT_TARGET = 15.5;
				MTL_ENABLE_DEBUG_INFO = NO;
				MTL_FAST_MATH = YES;
				SDKROOT = iphoneos;
				SWIFT_COMPILATION_MODE = wholemodule;
				SWIFT_OPTIMIZATION_LEVEL = "-O";
				VALIDATE_PRODUCT = YES;
			};
			name = Release;
		};
		325A18482896786400A80F03 /* Debug */ = {
			isa = XCBuildConfiguration;
			buildSettings = {
				ASSETCATALOG_COMPILER_APPICON_NAME = AppIcon;
				ASSETCATALOG_COMPILER_GLOBAL_ACCENT_COLOR_NAME = AccentColor;
				CODE_SIGN_STYLE = Automatic;
				CURRENT_PROJECT_VERSION = 1;
				DEVELOPMENT_TEAM = DK47ZGQX9C;
				GENERATE_INFOPLIST_FILE = YES;
				INFOPLIST_FILE = CAR_RENTAL/Info.plist;
				INFOPLIST_KEY_UIApplicationSupportsIndirectInputEvents = YES;
				INFOPLIST_KEY_UILaunchStoryboardName = LaunchScreen;
				INFOPLIST_KEY_UISupportedInterfaceOrientations_iPad = "UIInterfaceOrientationPortrait UIInterfaceOrientationPortraitUpsideDown UIInterfaceOrientationLandscapeLeft UIInterfaceOrientationLandscapeRight";
				INFOPLIST_KEY_UISupportedInterfaceOrientations_iPhone = "UIInterfaceOrientationPortrait UIInterfaceOrientationLandscapeLeft UIInterfaceOrientationLandscapeRight";
				LD_RUNPATH_SEARCH_PATHS = (
					"$(inherited)",
					"@executable_path/Frameworks",
				);
				MARKETING_VERSION = 1.0;
				PRODUCT_BUNDLE_IDENTIFIER = "com.yusufkeskin.CAR-RENTAL";
				PRODUCT_NAME = "$(TARGET_NAME)";
				SWIFT_EMIT_LOC_STRINGS = YES;
				SWIFT_VERSION = 5.0;
				TARGETED_DEVICE_FAMILY = "1,2";
			};
			name = Debug;
		};
		325A18492896786400A80F03 /* Release */ = {
			isa = XCBuildConfiguration;
			buildSettings = {
				ASSETCATALOG_COMPILER_APPICON_NAME = AppIcon;
				ASSETCATALOG_COMPILER_GLOBAL_ACCENT_COLOR_NAME = AccentColor;
				CODE_SIGN_STYLE = Automatic;
				CURRENT_PROJECT_VERSION = 1;
				DEVELOPMENT_TEAM = DK47ZGQX9C;
				GENERATE_INFOPLIST_FILE = YES;
				INFOPLIST_FILE = CAR_RENTAL/Info.plist;
				INFOPLIST_KEY_UIApplicationSupportsIndirectInputEvents = YES;
				INFOPLIST_KEY_UILaunchStoryboardName = LaunchScreen;
				INFOPLIST_KEY_UISupportedInterfaceOrientations_iPad = "UIInterfaceOrientationPortrait UIInterfaceOrientationPortraitUpsideDown UIInterfaceOrientationLandscapeLeft UIInterfaceOrientationLandscapeRight";
				INFOPLIST_KEY_UISupportedInterfaceOrientations_iPhone = "UIInterfaceOrientationPortrait UIInterfaceOrientationLandscapeLeft UIInterfaceOrientationLandscapeRight";
				LD_RUNPATH_SEARCH_PATHS = (
					"$(inherited)",
					"@executable_path/Frameworks",
				);
				MARKETING_VERSION = 1.0;
				PRODUCT_BUNDLE_IDENTIFIER = "com.yusufkeskin.CAR-RENTAL";
				PRODUCT_NAME = "$(TARGET_NAME)";
				SWIFT_EMIT_LOC_STRINGS = YES;
				SWIFT_VERSION = 5.0;
				TARGETED_DEVICE_FAMILY = "1,2";
			};
			name = Release;
		};
/* End XCBuildConfiguration section */

/* Begin XCConfigurationList section */
		325A182E2896786200A80F03 /* Build configuration list for PBXProject "CAR_RENTAL" */ = {
			isa = XCConfigurationList;
			buildConfigurations = (
				325A18452896786400A80F03 /* Debug */,
				325A18462896786400A80F03 /* Release */,
			);
			defaultConfigurationIsVisible = 0;
			defaultConfigurationName = Release;
		};
		325A18472896786400A80F03 /* Build configuration list for PBXNativeTarget "CAR_RENTAL" */ = {
			isa = XCConfigurationList;
			buildConfigurations = (
				325A18482896786400A80F03 /* Debug */,
				325A18492896786400A80F03 /* Release */,
			);
			defaultConfigurationIsVisible = 0;
			defaultConfigurationName = Release;
		};
/* End XCConfigurationList section */
	};
	rootObject = 325A182B2896786200A80F03 /* Project object */;
}
